
Microsoft Visual Studio Solution File, Format Version 12.00
# Visual Studio Version 16
VisualStudioVersion = 16.0.30907.101
MinimumVisualStudioVersion = 10.0.40219.1
Project("{888888A0-9F3D-457C-B088-3A5042F75D52}") = "JuqexML", "JuqexML\JuqexML.pyproj", "{275A1581-9A3D-41A9-BFFF-FB0A99314598}"
EndProject
Global
	GlobalSection(SolutionConfigurationPlatforms) = preSolution
		Debug|Any CPU = Debug|Any CPU
		Release|Any CPU = Release|Any CPU
	EndGlobalSection
	GlobalSection(ProjectConfigurationPlatforms) = postSolution
		{275A1581-9A3D-41A9-BFFF-FB0A99314598}.Debug|Any CPU.ActiveCfg = Debug|Any CPU
		{275A1581-9A3D-41A9-BFFF-FB0A99314598}.Release|Any CPU.ActiveCfg = Release|Any CPU
	EndGlobalSection
	GlobalSection(SolutionProperties) = preSolution
		HideSolutionNode = FALSE
	EndGlobalSection
	GlobalSection(ExtensibilityGlobals) = postSolution
		SolutionGuid = {2863D193-F25E-4AC3-9020-D73D2FA6C6CA}
	EndGlobalSection
EndGlobal
